// !$*UTF8*$!
{
	archiveVersion = 1;
	classes = {
	};
	objectVersion = 50;
	objects = {

/* Begin PBXBuildFile section */
		4EF4BE66C67C2D2C7BDCEF7C /* Pods_pokedexUITests.framework in Frameworks */ = {isa = PBXBuildFile; fileRef = F0CC0AAA504A18078691B168 /* Pods_pokedexUITests.framework */; };
		68BBC8B121A39711003E3A29 /* csv.swift in Sources */ = {isa = PBXBuildFile; fileRef = 68BBC8B021A39711003E3A29 /* csv.swift */; };
		68BBC8B321A39D70003E3A29 /* pokemon.ttf in Resources */ = {isa = PBXBuildFile; fileRef = 68BBC8B221A39D70003E3A29 /* pokemon.ttf */; };
		68BBC8B821A3B365003E3A29 /* music.png in Resources */ = {isa = PBXBuildFile; fileRef = 68BBC8B721A3B365003E3A29 /* music.png */; };
		68BBC8BA21A3C09E003E3A29 /* PokemonDetailVC.swift in Sources */ = {isa = PBXBuildFile; fileRef = 68BBC8B921A3C09E003E3A29 /* PokemonDetailVC.swift */; };
		68BBC8BC21A51E45003E3A29 /* Constants.swift in Sources */ = {isa = PBXBuildFile; fileRef = 68BBC8BB21A51E45003E3A29 /* Constants.swift */; };
		68D1F28A21A387FA00379A1D /* AppDelegate.swift in Sources */ = {isa = PBXBuildFile; fileRef = 68D1F28921A387FA00379A1D /* AppDelegate.swift */; };
		68D1F28C21A387FA00379A1D /* ViewController.swift in Sources */ = {isa = PBXBuildFile; fileRef = 68D1F28B21A387FA00379A1D /* ViewController.swift */; };
		68D1F28F21A387FA00379A1D /* Main.storyboard in Resources */ = {isa = PBXBuildFile; fileRef = 68D1F28D21A387FA00379A1D /* Main.storyboard */; };
		68D1F29121A387FD00379A1D /* Assets.xcassets in Resources */ = {isa = PBXBuildFile; fileRef = 68D1F29021A387FD00379A1D /* Assets.xcassets */; };
		68D1F29421A387FD00379A1D /* LaunchScreen.storyboard in Resources */ = {isa = PBXBuildFile; fileRef = 68D1F29221A387FD00379A1D /* LaunchScreen.storyboard */; };
		68D1F29F21A387FD00379A1D /* pokedexTests.swift in Sources */ = {isa = PBXBuildFile; fileRef = 68D1F29E21A387FD00379A1D /* pokedexTests.swift */; };
		68D1F2AA21A387FE00379A1D /* pokedexUITests.swift in Sources */ = {isa = PBXBuildFile; fileRef = 68D1F2A921A387FE00379A1D /* pokedexUITests.swift */; };
		68D1F2B821A389B200379A1D /* pokemon.csv in Resources */ = {isa = PBXBuildFile; fileRef = 68D1F2B721A389B100379A1D /* pokemon.csv */; };
		68D1F2BB21A38A4200379A1D /* Pokemon.swift in Sources */ = {isa = PBXBuildFile; fileRef = 68D1F2BA21A38A4200379A1D /* Pokemon.swift */; };
		68D1F2BE21A38FB300379A1D /* PokeCell.swift in Sources */ = {isa = PBXBuildFile; fileRef = 68D1F2BD21A38FB300379A1D /* PokeCell.swift */; };
		79EE697D273FBD8C64048F42 /* Pods_pokedexTests.framework in Frameworks */ = {isa = PBXBuildFile; fileRef = 9A514ACD03996CDD98FB98D0 /* Pods_pokedexTests.framework */; };
		CB01CFA252BC1F9AD1C760B1 /* Pods_pokedex.framework in Frameworks */ = {isa = PBXBuildFile; fileRef = C953CE725CB62019F40D1E7B /* Pods_pokedex.framework */; };
/* End PBXBuildFile section */

/* Begin PBXContainerItemProxy section */
		68D1F29B21A387FD00379A1D /* PBXContainerItemProxy */ = {
			isa = PBXContainerItemProxy;
			containerPortal = 68D1F27E21A387FA00379A1D /* Project object */;
			proxyType = 1;
			remoteGlobalIDString = 68D1F28521A387FA00379A1D;
			remoteInfo = pokedex;
		};
		68D1F2A621A387FD00379A1D /* PBXContainerItemProxy */ = {
			isa = PBXContainerItemProxy;
			containerPortal = 68D1F27E21A387FA00379A1D /* Project object */;
			proxyType = 1;
			remoteGlobalIDString = 68D1F28521A387FA00379A1D;
			remoteInfo = pokedex;
		};
/* End PBXContainerItemProxy section */

/* Begin PBXFileReference section */
		08CD14FDD74E67887B195E44 /* Pods-pokedex.release.xcconfig */ = {isa = PBXFileReference; includeInIndex = 1; lastKnownFileType = text.xcconfig; name = "Pods-pokedex.release.xcconfig"; path = "Pods/Target Support Files/Pods-pokedex/Pods-pokedex.release.xcconfig"; sourceTree = "<group>"; };
		17F13EE65F7AB1327CEACCE7 /* Pods-pokedexUITests.release.xcconfig */ = {isa = PBXFileReference; includeInIndex = 1; lastKnownFileType = text.xcconfig; name = "Pods-pokedexUITests.release.xcconfig"; path = "Pods/Target Support Files/Pods-pokedexUITests/Pods-pokedexUITests.release.xcconfig"; sourceTree = "<group>"; };
		1BC33EE974FB3363B81C5EB8 /* Pods-pokedexTests.debug.xcconfig */ = {isa = PBXFileReference; includeInIndex = 1; lastKnownFileType = text.xcconfig; name = "Pods-pokedexTests.debug.xcconfig"; path = "Pods/Target Support Files/Pods-pokedexTests/Pods-pokedexTests.debug.xcconfig"; sourceTree = "<group>"; };
		68BBC8B021A39711003E3A29 /* csv.swift */ = {isa = PBXFileReference; lastKnownFileType = sourcecode.swift; path = csv.swift; sourceTree = "<group>"; };
		68BBC8B221A39D70003E3A29 /* pokemon.ttf */ = {isa = PBXFileReference; lastKnownFileType = file; path = pokemon.ttf; sourceTree = "<group>"; };
		68BBC8B721A3B365003E3A29 /* music.png */ = {isa = PBXFileReference; lastKnownFileType = image.png; path = music.png; sourceTree = "<group>"; };
		68BBC8B921A3C09E003E3A29 /* PokemonDetailVC.swift */ = {isa = PBXFileReference; lastKnownFileType = sourcecode.swift; path = PokemonDetailVC.swift; sourceTree = "<group>"; };
		68BBC8BB21A51E45003E3A29 /* Constants.swift */ = {isa = PBXFileReference; lastKnownFileType = sourcecode.swift; path = Constants.swift; sourceTree = "<group>"; };
		68D1F28621A387FA00379A1D /* pokedex.app */ = {isa = PBXFileReference; explicitFileType = wrapper.application; includeInIndex = 0; path = pokedex.app; sourceTree = BUILT_PRODUCTS_DIR; };
		68D1F28921A387FA00379A1D /* AppDelegate.swift */ = {isa = PBXFileReference; lastKnownFileType = sourcecode.swift; path = AppDelegate.swift; sourceTree = "<group>"; };
		68D1F28B21A387FA00379A1D /* ViewController.swift */ = {isa = PBXFileReference; lastKnownFileType = sourcecode.swift; path = ViewController.swift; sourceTree = "<group>"; };
		68D1F28E21A387FA00379A1D /* Base */ = {isa = PBXFileReference; lastKnownFileType = file.storyboard; name = Base; path = Base.lproj/Main.storyboard; sourceTree = "<group>"; };
		68D1F29021A387FD00379A1D /* Assets.xcassets */ = {isa = PBXFileReference; lastKnownFileType = folder.assetcatalog; path = Assets.xcassets; sourceTree = "<group>"; };
		68D1F29321A387FD00379A1D /* Base */ = {isa = PBXFileReference; lastKnownFileType = file.storyboard; name = Base; path = Base.lproj/LaunchScreen.storyboard; sourceTree = "<group>"; };
		68D1F29521A387FD00379A1D /* Info.plist */ = {isa = PBXFileReference; lastKnownFileType = text.plist.xml; path = Info.plist; sourceTree = "<group>"; };
		68D1F29A21A387FD00379A1D /* pokedexTests.xctest */ = {isa = PBXFileReference; explicitFileType = wrapper.cfbundle; includeInIndex = 0; path = pokedexTests.xctest; sourceTree = BUILT_PRODUCTS_DIR; };
		68D1F29E21A387FD00379A1D /* pokedexTests.swift */ = {isa = PBXFileReference; lastKnownFileType = sourcecode.swift; path = pokedexTests.swift; sourceTree = "<group>"; };
		68D1F2A021A387FD00379A1D /* Info.plist */ = {isa = PBXFileReference; lastKnownFileType = text.plist.xml; path = Info.plist; sourceTree = "<group>"; };
		68D1F2A521A387FD00379A1D /* pokedexUITests.xctest */ = {isa = PBXFileReference; explicitFileType = wrapper.cfbundle; includeInIndex = 0; path = pokedexUITests.xctest; sourceTree = BUILT_PRODUCTS_DIR; };
		68D1F2A921A387FE00379A1D /* pokedexUITests.swift */ = {isa = PBXFileReference; lastKnownFileType = sourcecode.swift; path = pokedexUITests.swift; sourceTree = "<group>"; };
		68D1F2AB21A387FE00379A1D /* Info.plist */ = {isa = PBXFileReference; lastKnownFileType = text.plist.xml; path = Info.plist; sourceTree = "<group>"; };
		68D1F2B721A389B100379A1D /* pokemon.csv */ = {isa = PBXFileReference; fileEncoding = 4; lastKnownFileType = text; path = pokemon.csv; sourceTree = "<group>"; };
		68D1F2BA21A38A4200379A1D /* Pokemon.swift */ = {isa = PBXFileReference; lastKnownFileType = sourcecode.swift; path = Pokemon.swift; sourceTree = "<group>"; };
		68D1F2BD21A38FB300379A1D /* PokeCell.swift */ = {isa = PBXFileReference; lastKnownFileType = sourcecode.swift; path = PokeCell.swift; sourceTree = "<group>"; };
		6B936A57EE54475B02952DCF /* Pods-pokedexTests.release.xcconfig */ = {isa = PBXFileReference; includeInIndex = 1; lastKnownFileType = text.xcconfig; name = "Pods-pokedexTests.release.xcconfig"; path = "Pods/Target Support Files/Pods-pokedexTests/Pods-pokedexTests.release.xcconfig"; sourceTree = "<group>"; };
		98D193AB84BDF43B7D195ED5 /* Pods-pokedex.debug.xcconfig */ = {isa = PBXFileReference; includeInIndex = 1; lastKnownFileType = text.xcconfig; name = "Pods-pokedex.debug.xcconfig"; path = "Pods/Target Support Files/Pods-pokedex/Pods-pokedex.debug.xcconfig"; sourceTree = "<group>"; };
		9A514ACD03996CDD98FB98D0 /* Pods_pokedexTests.framework */ = {isa = PBXFileReference; explicitFileType = wrapper.framework; includeInIndex = 0; path = Pods_pokedexTests.framework; sourceTree = BUILT_PRODUCTS_DIR; };
		C953CE725CB62019F40D1E7B /* Pods_pokedex.framework */ = {isa = PBXFileReference; explicitFileType = wrapper.framework; includeInIndex = 0; path = Pods_pokedex.framework; sourceTree = BUILT_PRODUCTS_DIR; };
		EAD17340506E784DB3E2BA11 /* Pods-pokedexUITests.debug.xcconfig */ = {isa = PBXFileReference; includeInIndex = 1; lastKnownFileType = text.xcconfig; name = "Pods-pokedexUITests.debug.xcconfig"; path = "Pods/Target Support Files/Pods-pokedexUITests/Pods-pokedexUITests.debug.xcconfig"; sourceTree = "<group>"; };
		F0CC0AAA504A18078691B168 /* Pods_pokedexUITests.framework */ = {isa = PBXFileReference; explicitFileType = wrapper.framework; includeInIndex = 0; path = Pods_pokedexUITests.framework; sourceTree = BUILT_PRODUCTS_DIR; };
/* End PBXFileReference section */

/* Begin PBXFrameworksBuildPhase section */
		68D1F28321A387FA00379A1D /* Frameworks */ = {
			isa = PBXFrameworksBuildPhase;
			buildActionMask = 2147483647;
			files = (
				CB01CFA252BC1F9AD1C760B1 /* Pods_pokedex.framework in Frameworks */,
			);
			runOnlyForDeploymentPostprocessing = 0;
		};
		68D1F29721A387FD00379A1D /* Frameworks */ = {
			isa = PBXFrameworksBuildPhase;
			buildActionMask = 2147483647;
			files = (
				79EE697D273FBD8C64048F42 /* Pods_pokedexTests.framework in Frameworks */,
			);
			runOnlyForDeploymentPostprocessing = 0;
		};
		68D1F2A221A387FD00379A1D /* Frameworks */ = {
			isa = PBXFrameworksBuildPhase;
			buildActionMask = 2147483647;
			files = (
				4EF4BE66C67C2D2C7BDCEF7C /* Pods_pokedexUITests.framework in Frameworks */,
			);
			runOnlyForDeploymentPostprocessing = 0;
		};
/* End PBXFrameworksBuildPhase section */

/* Begin PBXGroup section */
		66B628784609AAE40B58459F /* Frameworks */ = {
			isa = PBXGroup;
			children = (
				C953CE725CB62019F40D1E7B /* Pods_pokedex.framework */,
				9A514ACD03996CDD98FB98D0 /* Pods_pokedexTests.framework */,
				F0CC0AAA504A18078691B168 /* Pods_pokedexUITests.framework */,
			);
			name = Frameworks;
			sourceTree = "<group>";
		};
		68BBC8B421A39D97003E3A29 /* Controller */ = {
			isa = PBXGroup;
			children = (
				68D1F28B21A387FA00379A1D /* ViewController.swift */,
				68BBC8B921A3C09E003E3A29 /* PokemonDetailVC.swift */,
			);
			path = Controller;
			sourceTree = "<group>";
		};
		68BBC8B521A39DA9003E3A29 /* Resources */ = {
			isa = PBXGroup;
			children = (
				68BBC8B721A3B365003E3A29 /* music.png */,
				68BBC8B221A39D70003E3A29 /* pokemon.ttf */,
				68D1F2B721A389B100379A1D /* pokemon.csv */,
			);
			path = Resources;
			sourceTree = "<group>";
		};
		68BBC8B621A39DD0003E3A29 /* Util */ = {
			isa = PBXGroup;
			children = (
				68BBC8B021A39711003E3A29 /* csv.swift */,
				68BBC8BB21A51E45003E3A29 /* Constants.swift */,
			);
			path = Util;
			sourceTree = "<group>";
		};
		68D1F27D21A387FA00379A1D = {
			isa = PBXGroup;
			children = (
				68D1F28821A387FA00379A1D /* pokedex */,
				68D1F29D21A387FD00379A1D /* pokedexTests */,
				68D1F2A821A387FE00379A1D /* pokedexUITests */,
				68D1F28721A387FA00379A1D /* Products */,
				A818C8614CA9378261260385 /* Pods */,
				66B628784609AAE40B58459F /* Frameworks */,
			);
			sourceTree = "<group>";
		};
		68D1F28721A387FA00379A1D /* Products */ = {
			isa = PBXGroup;
			children = (
				68D1F28621A387FA00379A1D /* pokedex.app */,
				68D1F29A21A387FD00379A1D /* pokedexTests.xctest */,
				68D1F2A521A387FD00379A1D /* pokedexUITests.xctest */,
			);
			name = Products;
			sourceTree = "<group>";
		};
		68D1F28821A387FA00379A1D /* pokedex */ = {
			isa = PBXGroup;
			children = (
				68D1F2B921A38A2C00379A1D /* Model */,
				68D1F2BC21A38F9B00379A1D /* View */,
				68BBC8B421A39D97003E3A29 /* Controller */,
				68BBC8B521A39DA9003E3A29 /* Resources */,
				68BBC8B621A39DD0003E3A29 /* Util */,
				68D1F28921A387FA00379A1D /* AppDelegate.swift */,
				68D1F28D21A387FA00379A1D /* Main.storyboard */,
				68D1F29021A387FD00379A1D /* Assets.xcassets */,
				68D1F29221A387FD00379A1D /* LaunchScreen.storyboard */,
				68D1F29521A387FD00379A1D /* Info.plist */,
			);
			path = pokedex;
			sourceTree = "<group>";
		};
		68D1F29D21A387FD00379A1D /* pokedexTests */ = {
			isa = PBXGroup;
			children = (
				68D1F29E21A387FD00379A1D /* pokedexTests.swift */,
				68D1F2A021A387FD00379A1D /* Info.plist */,
			);
			path = pokedexTests;
			sourceTree = "<group>";
		};
		68D1F2A821A387FE00379A1D /* pokedexUITests */ = {
			isa = PBXGroup;
			children = (
				68D1F2A921A387FE00379A1D /* pokedexUITests.swift */,
				68D1F2AB21A387FE00379A1D /* Info.plist */,
			);
			path = pokedexUITests;
			sourceTree = "<group>";
		};
		68D1F2B921A38A2C00379A1D /* Model */ = {
			isa = PBXGroup;
			children = (
				68D1F2BA21A38A4200379A1D /* Pokemon.swift */,
			);
			path = Model;
			sourceTree = "<group>";
		};
		68D1F2BC21A38F9B00379A1D /* View */ = {
			isa = PBXGroup;
			children = (
				68D1F2BD21A38FB300379A1D /* PokeCell.swift */,
			);
			path = View;
			sourceTree = "<group>";
		};
		A818C8614CA9378261260385 /* Pods */ = {
			isa = PBXGroup;
			children = (
				98D193AB84BDF43B7D195ED5 /* Pods-pokedex.debug.xcconfig */,
				08CD14FDD74E67887B195E44 /* Pods-pokedex.release.xcconfig */,
				1BC33EE974FB3363B81C5EB8 /* Pods-pokedexTests.debug.xcconfig */,
				6B936A57EE54475B02952DCF /* Pods-pokedexTests.release.xcconfig */,
				EAD17340506E784DB3E2BA11 /* Pods-pokedexUITests.debug.xcconfig */,
				17F13EE65F7AB1327CEACCE7 /* Pods-pokedexUITests.release.xcconfig */,
			);
			name = Pods;
			sourceTree = "<group>";
		};
/* End PBXGroup section */

/* Begin PBXNativeTarget section */
		68D1F28521A387FA00379A1D /* pokedex */ = {
			isa = PBXNativeTarget;
			buildConfigurationList = 68D1F2AE21A387FE00379A1D /* Build configuration list for PBXNativeTarget "pokedex" */;
			buildPhases = (
				C45B59D9110C0830E3F58AAF /* [CP] Check Pods Manifest.lock */,
				68D1F28221A387FA00379A1D /* Sources */,
				68D1F28321A387FA00379A1D /* Frameworks */,
				68D1F28421A387FA00379A1D /* Resources */,
				050A11CAA205A2CF2A882EEF /* [CP] Embed Pods Frameworks */,
			);
			buildRules = (
			);
			dependencies = (
			);
			name = pokedex;
			productName = pokedex;
			productReference = 68D1F28621A387FA00379A1D /* pokedex.app */;
			productType = "com.apple.product-type.application";
		};
		68D1F29921A387FD00379A1D /* pokedexTests */ = {
			isa = PBXNativeTarget;
			buildConfigurationList = 68D1F2B121A387FE00379A1D /* Build configuration list for PBXNativeTarget "pokedexTests" */;
			buildPhases = (
				3997D9B2B2D847027957754C /* [CP] Check Pods Manifest.lock */,
				68D1F29621A387FD00379A1D /* Sources */,
				68D1F29721A387FD00379A1D /* Frameworks */,
				68D1F29821A387FD00379A1D /* Resources */,
			);
			buildRules = (
			);
			dependencies = (
				68D1F29C21A387FD00379A1D /* PBXTargetDependency */,
			);
			name = pokedexTests;
			productName = pokedexTests;
			productReference = 68D1F29A21A387FD00379A1D /* pokedexTests.xctest */;
			productType = "com.apple.product-type.bundle.unit-test";
		};
		68D1F2A421A387FD00379A1D /* pokedexUITests */ = {
			isa = PBXNativeTarget;
			buildConfigurationList = 68D1F2B421A387FE00379A1D /* Build configuration list for PBXNativeTarget "pokedexUITests" */;
			buildPhases = (
				5DEC5BAA8CACEB8FC0282B7A /* [CP] Check Pods Manifest.lock */,
				68D1F2A121A387FD00379A1D /* Sources */,
				68D1F2A221A387FD00379A1D /* Frameworks */,
				68D1F2A321A387FD00379A1D /* Resources */,
			);
			buildRules = (
			);
			dependencies = (
				68D1F2A721A387FD00379A1D /* PBXTargetDependency */,
			);
			name = pokedexUITests;
			productName = pokedexUITests;
			productReference = 68D1F2A521A387FD00379A1D /* pokedexUITests.xctest */;
			productType = "com.apple.product-type.bundle.ui-testing";
		};
/* End PBXNativeTarget section */

/* Begin PBXProject section */
		68D1F27E21A387FA00379A1D /* Project object */ = {
			isa = PBXProject;
			attributes = {
				LastSwiftUpdateCheck = 1010;
				LastUpgradeCheck = 1010;
				ORGANIZATIONNAME = "Jorge Baralt";
				TargetAttributes = {
					68D1F28521A387FA00379A1D = {
						CreatedOnToolsVersion = 10.1;
					};
					68D1F29921A387FD00379A1D = {
						CreatedOnToolsVersion = 10.1;
						TestTargetID = 68D1F28521A387FA00379A1D;
					};
					68D1F2A421A387FD00379A1D = {
						CreatedOnToolsVersion = 10.1;
						TestTargetID = 68D1F28521A387FA00379A1D;
					};
				};
			};
			buildConfigurationList = 68D1F28121A387FA00379A1D /* Build configuration list for PBXProject "pokedex" */;
			compatibilityVersion = "Xcode 9.3";
			developmentRegion = en;
			hasScannedForEncodings = 0;
			knownRegions = (
				en,
				Base,
			);
			mainGroup = 68D1F27D21A387FA00379A1D;
			productRefGroup = 68D1F28721A387FA00379A1D /* Products */;
			projectDirPath = "";
			projectRoot = "";
			targets = (
				68D1F28521A387FA00379A1D /* pokedex */,
				68D1F29921A387FD00379A1D /* pokedexTests */,
				68D1F2A421A387FD00379A1D /* pokedexUITests */,
			);
		};
/* End PBXProject section */

/* Begin PBXResourcesBuildPhase section */
		68D1F28421A387FA00379A1D /* Resources */ = {
			isa = PBXResourcesBuildPhase;
			buildActionMask = 2147483647;
			files = (
				68BBC8B321A39D70003E3A29 /* pokemon.ttf in Resources */,
				68D1F29421A387FD00379A1D /* LaunchScreen.storyboard in Resources */,
				68D1F29121A387FD00379A1D /* Assets.xcassets in Resources */,
				68D1F2B821A389B200379A1D /* pokemon.csv in Resources */,
				68D1F28F21A387FA00379A1D /* Main.storyboard in Resources */,
				68BBC8B821A3B365003E3A29 /* music.png in Resources */,
			);
			runOnlyForDeploymentPostprocessing = 0;
		};
		68D1F29821A387FD00379A1D /* Resources */ = {
			isa = PBXResourcesBuildPhase;
			buildActionMask = 2147483647;
			files = (
			);
			runOnlyForDeploymentPostprocessing = 0;
		};
		68D1F2A321A387FD00379A1D /* Resources */ = {
			isa = PBXResourcesBuildPhase;
			buildActionMask = 2147483647;
			files = (
			);
			runOnlyForDeploymentPostprocessing = 0;
		};
/* End PBXResourcesBuildPhase section */

/* Begin PBXShellScriptBuildPhase section */
		050A11CAA205A2CF2A882EEF /* [CP] Embed Pods Frameworks */ = {
			isa = PBXShellScriptBuildPhase;
			buildActionMask = 2147483647;
			files = (
			);
			inputPaths = (
				"${SRCROOT}/Pods/Target Support Files/Pods-pokedex/Pods-pokedex-frameworks.sh",
				"${BUILT_PRODUCTS_DIR}/Alamofire/Alamofire.framework",
			);
			name = "[CP] Embed Pods Frameworks";
			outputPaths = (
				"${TARGET_BUILD_DIR}/${FRAMEWORKS_FOLDER_PATH}/Alamofire.framework",
			);
			runOnlyForDeploymentPostprocessing = 0;
			shellPath = /bin/sh;
			shellScript = "\"${SRCROOT}/Pods/Target Support Files/Pods-pokedex/Pods-pokedex-frameworks.sh\"\n";
			showEnvVarsInLog = 0;
		};
		3997D9B2B2D847027957754C /* [CP] Check Pods Manifest.lock */ = {
			isa = PBXShellScriptBuildPhase;
			buildActionMask = 2147483647;
			files = (
			);
			inputPaths = (
				"${PODS_PODFILE_DIR_PATH}/Podfile.lock",
				"${PODS_ROOT}/Manifest.lock",
			);
			name = "[CP] Check Pods Manifest.lock";
			outputPaths = (
				"$(DERIVED_FILE_DIR)/Pods-pokedexTests-checkManifestLockResult.txt",
			);
			runOnlyForDeploymentPostprocessing = 0;
			shellPath = /bin/sh;
			shellScript = "diff \"${PODS_PODFILE_DIR_PATH}/Podfile.lock\" \"${PODS_ROOT}/Manifest.lock\" > /dev/null\nif [ $? != 0 ] ; then\n    # print error to STDERR\n    echo \"error: The sandbox is not in sync with the Podfile.lock. Run 'pod install' or update your CocoaPods installation.\" >&2\n    exit 1\nfi\n# This output is used by Xcode 'outputs' to avoid re-running this script phase.\necho \"SUCCESS\" > \"${SCRIPT_OUTPUT_FILE_0}\"\n";
			showEnvVarsInLog = 0;
		};
		5DEC5BAA8CACEB8FC0282B7A /* [CP] Check Pods Manifest.lock */ = {
			isa = PBXShellScriptBuildPhase;
			buildActionMask = 2147483647;
			files = (
			);
			inputPaths = (
				"${PODS_PODFILE_DIR_PATH}/Podfile.lock",
				"${PODS_ROOT}/Manifest.lock",
			);
			name = "[CP] Check Pods Manifest.lock";
			outputPaths = (
				"$(DERIVED_FILE_DIR)/Pods-pokedexUITests-checkManifestLockResult.txt",
			);
			runOnlyForDeploymentPostprocessing = 0;
			shellPath = /bin/sh;
			shellScript = "diff \"${PODS_PODFILE_DIR_PATH}/Podfile.lock\" \"${PODS_ROOT}/Manifest.lock\" > /dev/null\nif [ $? != 0 ] ; then\n    # print error to STDERR\n    echo \"error: The sandbox is not in sync with the Podfile.lock. Run 'pod install' or update your CocoaPods installation.\" >&2\n    exit 1\nfi\n# This output is used by Xcode 'outputs' to avoid re-running this script phase.\necho \"SUCCESS\" > \"${SCRIPT_OUTPUT_FILE_0}\"\n";
			showEnvVarsInLog = 0;
		};
		C45B59D9110C0830E3F58AAF /* [CP] Check Pods Manifest.lock */ = {
			isa = PBXShellScriptBuildPhase;
			buildActionMask = 2147483647;
			files = (
			);
			inputPaths = (
				"${PODS_PODFILE_DIR_PATH}/Podfile.lock",
				"${PODS_ROOT}/Manifest.lock",
			);
			name = "[CP] Check Pods Manifest.lock";
			outputPaths = (
				"$(DERIVED_FILE_DIR)/Pods-pokedex-checkManifestLockResult.txt",
			);
			runOnlyForDeploymentPostprocessing = 0;
			shellPath = /bin/sh;
			shellScript = "diff \"${PODS_PODFILE_DIR_PATH}/Podfile.lock\" \"${PODS_ROOT}/Manifest.lock\" > /dev/null\nif [ $? != 0 ] ; then\n    # print error to STDERR\n    echo \"error: The sandbox is not in sync with the Podfile.lock. Run 'pod install' or update your CocoaPods installation.\" >&2\n    exit 1\nfi\n# This output is used by Xcode 'outputs' to avoid re-running this script phase.\necho \"SUCCESS\" > \"${SCRIPT_OUTPUT_FILE_0}\"\n";
			showEnvVarsInLog = 0;
		};
/* End PBXShellScriptBuildPhase section */

/* Begin PBXSourcesBuildPhase section */
		68D1F28221A387FA00379A1D /* Sources */ = {
			isa = PBXSourcesBuildPhase;
			buildActionMask = 2147483647;
			files = (
				68D1F28C21A387FA00379A1D /* ViewController.swift in Sources */,
				68D1F2BE21A38FB300379A1D /* PokeCell.swift in Sources */,
				68BBC8BA21A3C09E003E3A29 /* PokemonDetailVC.swift in Sources */,
				68D1F28A21A387FA00379A1D /* AppDelegate.swift in Sources */,
				68BBC8BC21A51E45003E3A29 /* Constants.swift in Sources */,
				68D1F2BB21A38A4200379A1D /* Pokemon.swift in Sources */,
				68BBC8B121A39711003E3A29 /* csv.swift in Sources */,
			);
			runOnlyForDeploymentPostprocessing = 0;
		};
		68D1F29621A387FD00379A1D /* Sources */ = {
			isa = PBXSourcesBuildPhase;
			buildActionMask = 2147483647;
			files = (
				68D1F29F21A387FD00379A1D /* pokedexTests.swift in Sources */,
			);
			runOnlyForDeploymentPostprocessing = 0;
		};
		68D1F2A121A387FD00379A1D /* Sources */ = {
			isa = PBXSourcesBuildPhase;
			buildActionMask = 2147483647;
			files = (
				68D1F2AA21A387FE00379A1D /* pokedexUITests.swift in Sources */,
			);
			runOnlyForDeploymentPostprocessing = 0;
		};
/* End PBXSourcesBuildPhase section */

/* Begin PBXTargetDependency section */
		68D1F29C21A387FD00379A1D /* PBXTargetDependency */ = {
			isa = PBXTargetDependency;
			target = 68D1F28521A387FA00379A1D /* pokedex */;
			targetProxy = 68D1F29B21A387FD00379A1D /* PBXContainerItemProxy */;
		};
		68D1F2A721A387FD00379A1D /* PBXTargetDependency */ = {
			isa = PBXTargetDependency;
			target = 68D1F28521A387FA00379A1D /* pokedex */;
			targetProxy = 68D1F2A621A387FD00379A1D /* PBXContainerItemProxy */;
		};
/* End PBXTargetDependency section */

/* Begin PBXVariantGroup section */
		68D1F28D21A387FA00379A1D /* Main.storyboard */ = {
			isa = PBXVariantGroup;
			children = (
				68D1F28E21A387FA00379A1D /* Base */,
			);
			name = Main.storyboard;
			sourceTree = "<group>";
		};
		68D1F29221A387FD00379A1D /* LaunchScreen.storyboard */ = {
			isa = PBXVariantGroup;
			children = (
				68D1F29321A387FD00379A1D /* Base */,
			);
			name = LaunchScreen.storyboard;
			sourceTree = "<group>";
		};
/* End PBXVariantGroup section */

/* Begin XCBuildConfiguration section */
		68D1F2AC21A387FE00379A1D /* Debug */ = {
			isa = XCBuildConfiguration;
			buildSettings = {
				ALWAYS_SEARCH_USER_PATHS = NO;
				CLANG_ANALYZER_NONNULL = YES;
				CLANG_ANALYZER_NUMBER_OBJECT_CONVERSION = YES_AGGRESSIVE;
				CLANG_CXX_LANGUAGE_STANDARD = "gnu++14";
				CLANG_CXX_LIBRARY = "libc++";
				CLANG_ENABLE_MODULES = YES;
				CLANG_ENABLE_OBJC_ARC = YES;
				CLANG_ENABLE_OBJC_WEAK = YES;
				CLANG_WARN_BLOCK_CAPTURE_AUTORELEASING = YES;
				CLANG_WARN_BOOL_CONVERSION = YES;
				CLANG_WARN_COMMA = YES;
				CLANG_WARN_CONSTANT_CONVERSION = YES;
				CLANG_WARN_DEPRECATED_OBJC_IMPLEMENTATIONS = YES;
				CLANG_WARN_DIRECT_OBJC_ISA_USAGE = YES_ERROR;
				CLANG_WARN_DOCUMENTATION_COMMENTS = YES;
				CLANG_WARN_EMPTY_BODY = YES;
				CLANG_WARN_ENUM_CONVERSION = YES;
				CLANG_WARN_INFINITE_RECURSION = YES;
				CLANG_WARN_INT_CONVERSION = YES;
				CLANG_WARN_NON_LITERAL_NULL_CONVERSION = YES;
				CLANG_WARN_OBJC_IMPLICIT_RETAIN_SELF = YES;
				CLANG_WARN_OBJC_LITERAL_CONVERSION = YES;
				CLANG_WARN_OBJC_ROOT_CLASS = YES_ERROR;
				CLANG_WARN_RANGE_LOOP_ANALYSIS = YES;
				CLANG_WARN_STRICT_PROTOTYPES = YES;
				CLANG_WARN_SUSPICIOUS_MOVE = YES;
				CLANG_WARN_UNGUARDED_AVAILABILITY = YES_AGGRESSIVE;
				CLANG_WARN_UNREACHABLE_CODE = YES;
				CLANG_WARN__DUPLICATE_METHOD_MATCH = YES;
				CODE_SIGN_IDENTITY = "iPhone Developer";
				COPY_PHASE_STRIP = NO;
				DEBUG_INFORMATION_FORMAT = dwarf;
				ENABLE_STRICT_OBJC_MSGSEND = YES;
				ENABLE_TESTABILITY = YES;
				GCC_C_LANGUAGE_STANDARD = gnu11;
				GCC_DYNAMIC_NO_PIC = NO;
				GCC_NO_COMMON_BLOCKS = YES;
				GCC_OPTIMIZATION_LEVEL = 0;
				GCC_PREPROCESSOR_DEFINITIONS = (
					"DEBUG=1",
					"$(inherited)",
				);
				GCC_WARN_64_TO_32_BIT_CONVERSION = YES;
				GCC_WARN_ABOUT_RETURN_TYPE = YES_ERROR;
				GCC_WARN_UNDECLARED_SELECTOR = YES;
				GCC_WARN_UNINITIALIZED_AUTOS = YES_AGGRESSIVE;
				GCC_WARN_UNUSED_FUNCTION = YES;
				GCC_WARN_UNUSED_VARIABLE = YES;
				IPHONEOS_DEPLOYMENT_TARGET = 12.1;
				MTL_ENABLE_DEBUG_INFO = INCLUDE_SOURCE;
				MTL_FAST_MATH = YES;
				ONLY_ACTIVE_ARCH = YES;
				SDKROOT = iphoneos;
				SWIFT_ACTIVE_COMPILATION_CONDITIONS = DEBUG;
				SWIFT_OPTIMIZATION_LEVEL = "-Onone";
			};
			name = Debug;
		};
		68D1F2AD21A387FE00379A1D /* Release */ = {
			isa = XCBuildConfiguration;
			buildSettings = {
				ALWAYS_SEARCH_USER_PATHS = NO;
				CLANG_ANALYZER_NONNULL = YES;
				CLANG_ANALYZER_NUMBER_OBJECT_CONVERSION = YES_AGGRESSIVE;
				CLANG_CXX_LANGUAGE_STANDARD = "gnu++14";
				CLANG_CXX_LIBRARY = "libc++";
				CLANG_ENABLE_MODULES = YES;
				CLANG_ENABLE_OBJC_ARC = YES;
				CLANG_ENABLE_OBJC_WEAK = YES;
				CLANG_WARN_BLOCK_CAPTURE_AUTORELEASING = YES;
				CLANG_WARN_BOOL_CONVERSION = YES;
				CLANG_WARN_COMMA = YES;
				CLANG_WARN_CONSTANT_CONVERSION = YES;
				CLANG_WARN_DEPRECATED_OBJC_IMPLEMENTATIONS = YES;
				CLANG_WARN_DIRECT_OBJC_ISA_USAGE = YES_ERROR;
				CLANG_WARN_DOCUMENTATION_COMMENTS = YES;
				CLANG_WARN_EMPTY_BODY = YES;
				CLANG_WARN_ENUM_CONVERSION = YES;
				CLANG_WARN_INFINITE_RECURSION = YES;
				CLANG_WARN_INT_CONVERSION = YES;
				CLANG_WARN_NON_LITERAL_NULL_CONVERSION = YES;
				CLANG_WARN_OBJC_IMPLICIT_RETAIN_SELF = YES;
				CLANG_WARN_OBJC_LITERAL_CONVERSION = YES;
				CLANG_WARN_OBJC_ROOT_CLASS = YES_ERROR;
				CLANG_WARN_RANGE_LOOP_ANALYSIS = YES;
				CLANG_WARN_STRICT_PROTOTYPES = YES;
				CLANG_WARN_SUSPICIOUS_MOVE = YES;
				CLANG_WARN_UNGUARDED_AVAILABILITY = YES_AGGRESSIVE;
				CLANG_WARN_UNREACHABLE_CODE = YES;
				CLANG_WARN__DUPLICATE_METHOD_MATCH = YES;
				CODE_SIGN_IDENTITY = "iPhone Developer";
				COPY_PHASE_STRIP = NO;
				DEBUG_INFORMATION_FORMAT = "dwarf-with-dsym";
				ENABLE_NS_ASSERTIONS = NO;
				ENABLE_STRICT_OBJC_MSGSEND = YES;
				GCC_C_LANGUAGE_STANDARD = gnu11;
				GCC_NO_COMMON_BLOCKS = YES;
				GCC_WARN_64_TO_32_BIT_CONVERSION = YES;
				GCC_WARN_ABOUT_RETURN_TYPE = YES_ERROR;
				GCC_WARN_UNDECLARED_SELECTOR = YES;
				GCC_WARN_UNINITIALIZED_AUTOS = YES_AGGRESSIVE;
				GCC_WARN_UNUSED_FUNCTION = YES;
				GCC_WARN_UNUSED_VARIABLE = YES;
				IPHONEOS_DEPLOYMENT_TARGET = 12.1;
				MTL_ENABLE_DEBUG_INFO = NO;
				MTL_FAST_MATH = YES;
				SDKROOT = iphoneos;
				SWIFT_COMPILATION_MODE = wholemodule;
				SWIFT_OPTIMIZATION_LEVEL = "-O";
				VALIDATE_PRODUCT = YES;
			};
			name = Release;
		};
		68D1F2AF21A387FE00379A1D /* Debug */ = {
			isa = XCBuildConfiguration;
			baseConfigurationReference = 98D193AB84BDF43B7D195ED5 /* Pods-pokedex.debug.xcconfig */;
			buildSettings = {
				ASSETCATALOG_COMPILER_APPICON_NAME = AppIcon;
				CODE_SIGN_STYLE = Automatic;
				DEVELOPMENT_TEAM = 62Z6YVQZ4G;
				INFOPLIST_FILE = pokedex/Info.plist;
				LD_RUNPATH_SEARCH_PATHS = (
					"$(inherited)",
					"@executable_path/Frameworks",
				);
				PRODUCT_BUNDLE_IDENTIFIER = com.jorgebaralt.pokedex;
				PRODUCT_NAME = "$(TARGET_NAME)";
				SWIFT_VERSION = 4.2;
				TARGETED_DEVICE_FAMILY = "1,2";
			};
			name = Debug;
		};
		68D1F2B021A387FE00379A1D /* Release */ = {
			isa = XCBuildConfiguration;
			baseConfigurationReference = 08CD14FDD74E67887B195E44 /* Pods-pokedex.release.xcconfig */;
			buildSettings = {
				ASSETCATALOG_COMPILER_APPICON_NAME = AppIcon;
				CODE_SIGN_STYLE = Automatic;
				DEVELOPMENT_TEAM = 62Z6YVQZ4G;
				INFOPLIST_FILE = pokedex/Info.plist;
				LD_RUNPATH_SEARCH_PATHS = (
					"$(inherited)",
					"@executable_path/Frameworks",
				);
				PRODUCT_BUNDLE_IDENTIFIER = com.jorgebaralt.pokedex;
				PRODUCT_NAME = "$(TARGET_NAME)";
				SWIFT_VERSION = 4.2;
				TARGETED_DEVICE_FAMILY = "1,2";
			};
			name = Release;
		};
		68D1F2B221A387FE00379A1D /* Debug */ = {
			isa = XCBuildConfiguration;
			baseConfigurationReference = 1BC33EE974FB3363B81C5EB8 /* Pods-pokedexTests.debug.xcconfig */;
			buildSettings = {
				ALWAYS_EMBED_SWIFT_STANDARD_LIBRARIES = YES;
				BUNDLE_LOADER = "$(TEST_HOST)";
				CODE_SIGN_STYLE = Automatic;
				DEVELOPMENT_TEAM = 62Z6YVQZ4G;
				INFOPLIST_FILE = pokedexTests/Info.plist;
				LD_RUNPATH_SEARCH_PATHS = (
					"$(inherited)",
					"@executable_path/Frameworks",
					"@loader_path/Frameworks",
				);
				PRODUCT_BUNDLE_IDENTIFIER = com.jorgebaralt.pokedexTests;
				PRODUCT_NAME = "$(TARGET_NAME)";
				SWIFT_VERSION = 4.2;
				TARGETED_DEVICE_FAMILY = "1,2";
				TEST_HOST = "$(BUILT_PRODUCTS_DIR)/pokedex.app/pokedex";
			};
			name = Debug;
		};
		68D1F2B321A387FE00379A1D /* Release */ = {
			isa = XCBuildConfiguration;
			baseConfigurationReference = 6B936A57EE54475B02952DCF /* Pods-pokedexTests.release.xcconfig */;
			buildSettings = {
				ALWAYS_EMBED_SWIFT_STANDARD_LIBRARIES = YES;
				BUNDLE_LOADER = "$(TEST_HOST)";
				CODE_SIGN_STYLE = Automatic;
				DEVELOPMENT_TEAM = 62Z6YVQZ4G;
				INFOPLIST_FILE = pokedexTests/Info.plist;
				LD_RUNPATH_SEARCH_PATHS = (
					"$(inherited)",
					"@executable_path/Frameworks",
					"@loader_path/Frameworks",
				);
				PRODUCT_BUNDLE_IDENTIFIER = com.jorgebaralt.pokedexTests;
				PRODUCT_NAME = "$(TARGET_NAME)";
				SWIFT_VERSION = 4.2;
				TARGETED_DEVICE_FAMILY = "1,2";
				TEST_HOST = "$(BUILT_PRODUCTS_DIR)/pokedex.app/pokedex";
			};
			name = Release;
		};
		68D1F2B521A387FE00379A1D /* Debug */ = {
			isa = XCBuildConfiguration;
			baseConfigurationReference = EAD17340506E784DB3E2BA11 /* Pods-pokedexUITests.debug.xcconfig */;
			buildSettings = {
				ALWAYS_EMBED_SWIFT_STANDARD_LIBRARIES = YES;
				CODE_SIGN_STYLE = Automatic;
				DEVELOPMENT_TEAM = 62Z6YVQZ4G;
				INFOPLIST_FILE = pokedexUITests/Info.plist;
				LD_RUNPATH_SEARCH_PATHS = (
					"$(inherited)",
					"@executable_path/Frameworks",
					"@loader_path/Frameworks",
				);
				PRODUCT_BUNDLE_IDENTIFIER = com.jorgebaralt.pokedexUITests;
				PRODUCT_NAME = "$(TARGET_NAME)";
				SWIFT_VERSION = 4.2;
				TARGETED_DEVICE_FAMILY = "1,2";
				TEST_TARGET_NAME = pokedex;
			};
			name = Debug;
		};
		68D1F2B621A387FE00379A1D /* Release */ = {
			isa = XCBuildConfiguration;
			baseConfigurationReference = 17F13EE65F7AB1327CEACCE7 /* Pods-pokedexUITests.release.xcconfig */;
			buildSettings = {
				ALWAYS_EMBED_SWIFT_STANDARD_LIBRARIES = YES;
				CODE_SIGN_STYLE = Automatic;
				DEVELOPMENT_TEAM = 62Z6YVQZ4G;
				INFOPLIST_FILE = pokedexUITests/Info.plist;
				LD_RUNPATH_SEARCH_PATHS = (
					"$(inherited)",
					"@executable_path/Frameworks",
					"@loader_path/Frameworks",
				);
				PRODUCT_BUNDLE_IDENTIFIER = com.jorgebaralt.pokedexUITests;
				PRODUCT_NAME = "$(TARGET_NAME)";
				SWIFT_VERSION = 4.2;
				TARGETED_DEVICE_FAMILY = "1,2";
				TEST_TARGET_NAME = pokedex;
			};
			name = Release;
		};
/* End XCBuildConfiguration section */

/* Begin XCConfigurationList section */
		68D1F28121A387FA00379A1D /* Build configuration list for PBXProject "pokedex" */ = {
			isa = XCConfigurationList;
			buildConfigurations = (
				68D1F2AC21A387FE00379A1D /* Debug */,
				68D1F2AD21A387FE00379A1D /* Release */,
			);
			defaultConfigurationIsVisible = 0;
			defaultConfigurationName = Release;
		};
		68D1F2AE21A387FE00379A1D /* Build configuration list for PBXNativeTarget "pokedex" */ = {
			isa = XCConfigurationList;
			buildConfigurations = (
				68D1F2AF21A387FE00379A1D /* Debug */,
				68D1F2B021A387FE00379A1D /* Release */,
			);
			defaultConfigurationIsVisible = 0;
			defaultConfigurationName = Release;
		};
		68D1F2B121A387FE00379A1D /* Build configuration list for PBXNativeTarget "pokedexTests" */ = {
			isa = XCConfigurationList;
			buildConfigurations = (
				68D1F2B221A387FE00379A1D /* Debug */,
				68D1F2B321A387FE00379A1D /* Release */,
			);
			defaultConfigurationIsVisible = 0;
			defaultConfigurationName = Release;
		};
		68D1F2B421A387FE00379A1D /* Build configuration list for PBXNativeTarget "pokedexUITests" */ = {
			isa = XCConfigurationList;
			buildConfigurations = (
				68D1F2B521A387FE00379A1D /* Debug */,
				68D1F2B621A387FE00379A1D /* Release */,
			);
			defaultConfigurationIsVisible = 0;
			defaultConfigurationName = Release;
		};
/* End XCConfigurationList section */
	};
	rootObject = 68D1F27E21A387FA00379A1D /* Project object */;
}
